// !$*UTF8*$!
{
	archiveVersion = 1;
	classes = {
	};
	objectVersion = 45;
	objects = {

/* Begin PBXBuildFile section */
		1A0755CB1184FD9C00636616 /* libcrypto.dylib in Frameworks */ = {isa = PBXBuildFile; fileRef = 1A0755CA1184FD9C00636616 /* libcrypto.dylib */; };
		1A296CBB1184B5CC00BFB38E /* IPSW.m in Sources */ = {isa = PBXBuildFile; fileRef = 1A296CBA1184B5CC00BFB38E /* IPSW.m */; };
		1A2973BE1184E2D700BFB38E /* NSData+Base64.m in Sources */ = {isa = PBXBuildFile; fileRef = 1A2973BD1184E2D700BFB38E /* NSData+Base64.m */; };
		1A2974771184F1D800BFB38E /* Icon.icns in Resources */ = {isa = PBXBuildFile; fileRef = 1A2974761184F1D800BFB38E /* Icon.icns */; };
		1AA9B7C31187A80000DA1E28 /* dripwn in Resources */ = {isa = PBXBuildFile; fileRef = 1AA9B7C21187A80000DA1E28 /* dripwn */; };
		1AD3E69B11857D290059FB49 /* CocoaCryptoHashing.m in Sources */ = {isa = PBXBuildFile; fileRef = 1AD3E69A11857D290059FB49 /* CocoaCryptoHashing.m */; };
		1AD3E6EB118584720059FB49 /* iPhone1,1_3.1.2_7D11_Restore.ipsw.plist in Resources */ = {isa = PBXBuildFile; fileRef = 1AD3E6E8118584720059FB49 /* iPhone1,1_3.1.2_7D11_Restore.ipsw.plist */; };
		1AD3E6EC118584720059FB49 /* iPhone1,1_3.1.3_7E18_Restore.ipsw.plist in Resources */ = {isa = PBXBuildFile; fileRef = 1AD3E6E9118584720059FB49 /* iPhone1,1_3.1.3_7E18_Restore.ipsw.plist */; };
		1AD3E6ED118584720059FB49 /* iPhone1,1_3.1_7C144_Restore.ipsw.plist in Resources */ = {isa = PBXBuildFile; fileRef = 1AD3E6EA118584720059FB49 /* iPhone1,1_3.1_7C144_Restore.ipsw.plist */; };
		1ADB8F821185FDBC005141D3 /* iPhone2,1_3.1.2_7D11_Restore.ipsw.plist in Resources */ = {isa = PBXBuildFile; fileRef = 1ADB8F801185FDBC005141D3 /* iPhone2,1_3.1.2_7D11_Restore.ipsw.plist */; };
		1ADB8F831185FDBC005141D3 /* iPhone2,1_3.1.3_7E18_Restore.ipsw.plist in Resources */ = {isa = PBXBuildFile; fileRef = 1ADB8F811185FDBC005141D3 /* iPhone2,1_3.1.3_7E18_Restore.ipsw.plist */; };
		1ADB8FAA11862DF2005141D3 /* iPhone1,2_3.1_2_7D11_Restore.ipsw.plist in Resources */ = {isa = PBXBuildFile; fileRef = 1ADB8FA811862DF2005141D3 /* iPhone1,2_3.1_2_7D11_Restore.ipsw.plist */; };
		1ADB8FAB11862DF2005141D3 /* iPhone1,2_3.1.3_7E18_Restore.ipsw.plist in Resources */ = {isa = PBXBuildFile; fileRef = 1ADB8FA911862DF2005141D3 /* iPhone1,2_3.1.3_7E18_Restore.ipsw.plist */; };
		1DDD58160DA1D0A300B32029 /* MainMenu.xib in Resources */ = {isa = PBXBuildFile; fileRef = 1DDD58140DA1D0A300B32029 /* MainMenu.xib */; };
		256AC3DA0F4B6AC300CF3369 /* DripwnAppDelegate.m in Sources */ = {isa = PBXBuildFile; fileRef = 256AC3D90F4B6AC300CF3369 /* DripwnAppDelegate.m */; };
		8D11072B0486CEB800E47090 /* InfoPlist.strings in Resources */ = {isa = PBXBuildFile; fileRef = 089C165CFE840E0CC02AAC07 /* InfoPlist.strings */; };
		8D11072D0486CEB800E47090 /* main.m in Sources */ = {isa = PBXBuildFile; fileRef = 29B97316FDCFA39411CA2CEA /* main.m */; settings = {ATTRIBUTES = (); }; };
		8D11072F0486CEB800E47090 /* Cocoa.framework in Frameworks */ = {isa = PBXBuildFile; fileRef = 1058C7A1FEA54F0111CA2CBB /* Cocoa.framework */; };
/* End PBXBuildFile section */

/* Begin PBXCopyFilesBuildPhase section */
		1A07556A1184FACB00636616 /* CopyFiles */ = {
			isa = PBXCopyFilesBuildPhase;
			buildActionMask = 2147483647;
			dstPath = "";
			dstSubfolderSpec = 10;
			files = (
			);
			runOnlyForDeploymentPostprocessing = 0;
		};
/* End PBXCopyFilesBuildPhase section */

/* Begin PBXFileReference section */
		089C165DFE840E0CC02AAC07 /* English */ = {isa = PBXFileReference; fileEncoding = 4; lastKnownFileType = text.plist.strings; name = English; path = English.lproj/InfoPlist.strings; sourceTree = "<group>"; };
		1058C7A1FEA54F0111CA2CBB /* Cocoa.framework */ = {isa = PBXFileReference; lastKnownFileType = wrapper.framework; name = Cocoa.framework; path = /System/Library/Frameworks/Cocoa.framework; sourceTree = "<absolute>"; };
		13E42FB307B3F0F600E4EEF1 /* CoreData.framework */ = {isa = PBXFileReference; lastKnownFileType = wrapper.framework; name = CoreData.framework; path = /System/Library/Frameworks/CoreData.framework; sourceTree = "<absolute>"; };
		1A0755CA1184FD9C00636616 /* libcrypto.dylib */ = {isa = PBXFileReference; lastKnownFileType = "compiled.mach-o.dylib"; name = libcrypto.dylib; path = usr/lib/libcrypto.dylib; sourceTree = SDKROOT; };
		1A296CB91184B5CC00BFB38E /* IPSW.h */ = {isa = PBXFileReference; fileEncoding = 4; lastKnownFileType = sourcecode.c.h; path = IPSW.h; sourceTree = "<group>"; };
		1A296CBA1184B5CC00BFB38E /* IPSW.m */ = {isa = PBXFileReference; fileEncoding = 4; lastKnownFileType = sourcecode.c.objc; path = IPSW.m; sourceTree = "<group>"; };
		1A2973BC1184E2D700BFB38E /* NSData+Base64.h */ = {isa = PBXFileReference; fileEncoding = 4; lastKnownFileType = sourcecode.c.h; path = "NSData+Base64.h"; sourceTree = "<group>"; };
		1A2973BD1184E2D700BFB38E /* NSData+Base64.m */ = {isa = PBXFileReference; fileEncoding = 4; lastKnownFileType = sourcecode.c.objc; path = "NSData+Base64.m"; sourceTree = "<group>"; };
		1A2974761184F1D800BFB38E /* Icon.icns */ = {isa = PBXFileReference; lastKnownFileType = image.icns; path = Icon.icns; sourceTree = "<group>"; };
		1AA9B7C21187A80000DA1E28 /* dripwn */ = {isa = PBXFileReference; lastKnownFileType = "compiled.mach-o.executable"; path = dripwn; sourceTree = "<group>"; };
		1AD3E69911857D290059FB49 /* CocoaCryptoHashing.h */ = {isa = PBXFileReference; fileEncoding = 4; lastKnownFileType = sourcecode.c.h; path = CocoaCryptoHashing.h; sourceTree = "<group>"; };
		1AD3E69A11857D290059FB49 /* CocoaCryptoHashing.m */ = {isa = PBXFileReference; fileEncoding = 4; lastKnownFileType = sourcecode.c.objc; path = CocoaCryptoHashing.m; sourceTree = "<group>"; };
		1AD3E6E8118584720059FB49 /* iPhone1,1_3.1.2_7D11_Restore.ipsw.plist */ = {isa = PBXFileReference; fileEncoding = 4; lastKnownFileType = text.plist.xml; path = "iPhone1,1_3.1.2_7D11_Restore.ipsw.plist"; sourceTree = "<group>"; };
		1AD3E6E9118584720059FB49 /* iPhone1,1_3.1.3_7E18_Restore.ipsw.plist */ = {isa = PBXFileReference; fileEncoding = 4; lastKnownFileType = text.plist.xml; path = "iPhone1,1_3.1.3_7E18_Restore.ipsw.plist"; sourceTree = "<group>"; };
		1AD3E6EA118584720059FB49 /* iPhone1,1_3.1_7C144_Restore.ipsw.plist */ = {isa = PBXFileReference; fileEncoding = 4; lastKnownFileType = text.plist.xml; path = "iPhone1,1_3.1_7C144_Restore.ipsw.plist"; sourceTree = "<group>"; };
		1ADB8F801185FDBC005141D3 /* iPhone2,1_3.1.2_7D11_Restore.ipsw.plist */ = {isa = PBXFileReference; fileEncoding = 4; lastKnownFileType = text.plist.xml; path = "iPhone2,1_3.1.2_7D11_Restore.ipsw.plist"; sourceTree = "<group>"; };
		1ADB8F811185FDBC005141D3 /* iPhone2,1_3.1.3_7E18_Restore.ipsw.plist */ = {isa = PBXFileReference; fileEncoding = 4; lastKnownFileType = text.plist.xml; path = "iPhone2,1_3.1.3_7E18_Restore.ipsw.plist"; sourceTree = "<group>"; };
		1ADB8FA811862DF2005141D3 /* iPhone1,2_3.1_2_7D11_Restore.ipsw.plist */ = {isa = PBXFileReference; fileEncoding = 4; lastKnownFileType = text.plist.xml; path = "iPhone1,2_3.1_2_7D11_Restore.ipsw.plist"; sourceTree = "<group>"; };
		1ADB8FA911862DF2005141D3 /* iPhone1,2_3.1.3_7E18_Restore.ipsw.plist */ = {isa = PBXFileReference; fileEncoding = 4; lastKnownFileType = text.plist.xml; path = "iPhone1,2_3.1.3_7E18_Restore.ipsw.plist"; sourceTree = "<group>"; };
		1DDD58150DA1D0A300B32029 /* English */ = {isa = PBXFileReference; lastKnownFileType = file.xib; name = English; path = English.lproj/MainMenu.xib; sourceTree = "<group>"; };
		256AC3D80F4B6AC300CF3369 /* DripwnAppDelegate.h */ = {isa = PBXFileReference; fileEncoding = 4; lastKnownFileType = sourcecode.c.h; path = DripwnAppDelegate.h; sourceTree = "<group>"; };
		256AC3D90F4B6AC300CF3369 /* DripwnAppDelegate.m */ = {isa = PBXFileReference; fileEncoding = 4; lastKnownFileType = sourcecode.c.objc; path = DripwnAppDelegate.m; sourceTree = "<group>"; };
		256AC3F00F4B6AF500CF3369 /* Dripwn_Prefix.pch */ = {isa = PBXFileReference; fileEncoding = 4; lastKnownFileType = sourcecode.c.h; path = Dripwn_Prefix.pch; sourceTree = "<group>"; };
		29B97316FDCFA39411CA2CEA /* main.m */ = {isa = PBXFileReference; fileEncoding = 4; lastKnownFileType = sourcecode.c.objc; path = main.m; sourceTree = "<group>"; };
		29B97324FDCFA39411CA2CEA /* AppKit.framework */ = {isa = PBXFileReference; lastKnownFileType = wrapper.framework; name = AppKit.framework; path = /System/Library/Frameworks/AppKit.framework; sourceTree = "<absolute>"; };
		29B97325FDCFA39411CA2CEA /* Foundation.framework */ = {isa = PBXFileReference; lastKnownFileType = wrapper.framework; name = Foundation.framework; path = /System/Library/Frameworks/Foundation.framework; sourceTree = "<absolute>"; };
		8D1107310486CEB800E47090 /* Dripwn-Info.plist */ = {isa = PBXFileReference; fileEncoding = 4; lastKnownFileType = text.plist.xml; path = "Dripwn-Info.plist"; sourceTree = "<group>"; };
		8D1107320486CEB800E47090 /* Dripwn.app */ = {isa = PBXFileReference; explicitFileType = wrapper.application; includeInIndex = 0; path = Dripwn.app; sourceTree = BUILT_PRODUCTS_DIR; };
/* End PBXFileReference section */

/* Begin PBXFrameworksBuildPhase section */
		8D11072E0486CEB800E47090 /* Frameworks */ = {
			isa = PBXFrameworksBuildPhase;
			buildActionMask = 2147483647;
			files = (
				8D11072F0486CEB800E47090 /* Cocoa.framework in Frameworks */,
				1A0755CB1184FD9C00636616 /* libcrypto.dylib in Frameworks */,
			);
			runOnlyForDeploymentPostprocessing = 0;
		};
/* End PBXFrameworksBuildPhase section */

/* Begin PBXGroup section */
		080E96DDFE201D6D7F000001 /* Classes */ = {
			isa = PBXGroup;
			children = (
				1A296CB91184B5CC00BFB38E /* IPSW.h */,
				1A296CBA1184B5CC00BFB38E /* IPSW.m */,
				256AC3D80F4B6AC300CF3369 /* DripwnAppDelegate.h */,
				256AC3D90F4B6AC300CF3369 /* DripwnAppDelegate.m */,
			);
			name = Classes;
			sourceTree = "<group>";
		};
		1058C7A0FEA54F0111CA2CBB /* Linked Frameworks */ = {
			isa = PBXGroup;
			children = (
				1058C7A1FEA54F0111CA2CBB /* Cocoa.framework */,
			);
			name = "Linked Frameworks";
			sourceTree = "<group>";
		};
		1058C7A2FEA54F0111CA2CBB /* Other Frameworks */ = {
			isa = PBXGroup;
			children = (
				29B97324FDCFA39411CA2CEA /* AppKit.framework */,
				13E42FB307B3F0F600E4EEF1 /* CoreData.framework */,
				29B97325FDCFA39411CA2CEA /* Foundation.framework */,
			);
			name = "Other Frameworks";
			sourceTree = "<group>";
		};
		19C28FACFE9D520D11CA2CBB /* Products */ = {
			isa = PBXGroup;
			children = (
				8D1107320486CEB800E47090 /* Dripwn.app */,
			);
			name = Products;
			sourceTree = "<group>";
		};
		1AD3E6E7118584720059FB49 /* Firmwares */ = {
			isa = PBXGroup;
			children = (
				1ADB8FA811862DF2005141D3 /* iPhone1,2_3.1_2_7D11_Restore.ipsw.plist */,
				1ADB8FA911862DF2005141D3 /* iPhone1,2_3.1.3_7E18_Restore.ipsw.plist */,
				1ADB8F801185FDBC005141D3 /* iPhone2,1_3.1.2_7D11_Restore.ipsw.plist */,
				1ADB8F811185FDBC005141D3 /* iPhone2,1_3.1.3_7E18_Restore.ipsw.plist */,
				1AD3E6E8118584720059FB49 /* iPhone1,1_3.1.2_7D11_Restore.ipsw.plist */,
				1AD3E6E9118584720059FB49 /* iPhone1,1_3.1.3_7E18_Restore.ipsw.plist */,
				1AD3E6EA118584720059FB49 /* iPhone1,1_3.1_7C144_Restore.ipsw.plist */,
			);
			path = Firmwares;
			sourceTree = "<group>";
		};
		29B97314FDCFA39411CA2CEA /* Dripwn */ = {
			isa = PBXGroup;
			children = (
				080E96DDFE201D6D7F000001 /* Classes */,
				29B97315FDCFA39411CA2CEA /* Other Sources */,
				29B97317FDCFA39411CA2CEA /* Resources */,
				29B97323FDCFA39411CA2CEA /* Frameworks */,
				19C28FACFE9D520D11CA2CBB /* Products */,
				1A0755CA1184FD9C00636616 /* libcrypto.dylib */,
			);
			name = Dripwn;
			sourceTree = "<group>";
		};
		29B97315FDCFA39411CA2CEA /* Other Sources */ = {
			isa = PBXGroup;
			children = (
				1AD3E69911857D290059FB49 /* CocoaCryptoHashing.h */,
				1AD3E69A11857D290059FB49 /* CocoaCryptoHashing.m */,
				256AC3F00F4B6AF500CF3369 /* Dripwn_Prefix.pch */,
				29B97316FDCFA39411CA2CEA /* main.m */,
				1A2973BC1184E2D700BFB38E /* NSData+Base64.h */,
				1A2973BD1184E2D700BFB38E /* NSData+Base64.m */,
			);
			name = "Other Sources";
			sourceTree = "<group>";
		};
		29B97317FDCFA39411CA2CEA /* Resources */ = {
			isa = PBXGroup;
			children = (
				1AA9B7C21187A80000DA1E28 /* dripwn */,
				1AD3E6E7118584720059FB49 /* Firmwares */,
				1A2974761184F1D800BFB38E /* Icon.icns */,
				8D1107310486CEB800E47090 /* Dripwn-Info.plist */,
				089C165CFE840E0CC02AAC07 /* InfoPlist.strings */,
				1DDD58140DA1D0A300B32029 /* MainMenu.xib */,
			);
			name = Resources;
			sourceTree = "<group>";
		};
		29B97323FDCFA39411CA2CEA /* Frameworks */ = {
			isa = PBXGroup;
			children = (
				1058C7A0FEA54F0111CA2CBB /* Linked Frameworks */,
				1058C7A2FEA54F0111CA2CBB /* Other Frameworks */,
			);
			name = Frameworks;
			sourceTree = "<group>";
		};
/* End PBXGroup section */

/* Begin PBXNativeTarget section */
		8D1107260486CEB800E47090 /* Dripwn */ = {
			isa = PBXNativeTarget;
			buildConfigurationList = C01FCF4A08A954540054247B /* Build configuration list for PBXNativeTarget "Dripwn" */;
			buildPhases = (
				8D1107290486CEB800E47090 /* Resources */,
				8D11072C0486CEB800E47090 /* Sources */,
				8D11072E0486CEB800E47090 /* Frameworks */,
				1A07556A1184FACB00636616 /* CopyFiles */,
			);
			buildRules = (
			);
			dependencies = (
			);
			name = Dripwn;
			productInstallPath = "$(HOME)/Applications";
			productName = Dripwn;
			productReference = 8D1107320486CEB800E47090 /* Dripwn.app */;
			productType = "com.apple.product-type.application";
		};
/* End PBXNativeTarget section */

/* Begin PBXProject section */
		29B97313FDCFA39411CA2CEA /* Project object */ = {
			isa = PBXProject;
			buildConfigurationList = C01FCF4E08A954540054247B /* Build configuration list for PBXProject "Dripwn" */;
			compatibilityVersion = "Xcode 3.1";
			hasScannedForEncodings = 1;
			mainGroup = 29B97314FDCFA39411CA2CEA /* Dripwn */;
			projectDirPath = "";
			projectRoot = "";
			targets = (
				8D1107260486CEB800E47090 /* Dripwn */,
			);
		};
/* End PBXProject section */

/* Begin PBXResourcesBuildPhase section */
		8D1107290486CEB800E47090 /* Resources */ = {
			isa = PBXResourcesBuildPhase;
			buildActionMask = 2147483647;
			files = (
				8D11072B0486CEB800E47090 /* InfoPlist.strings in Resources */,
				1DDD58160DA1D0A300B32029 /* MainMenu.xib in Resources */,
				1A2974771184F1D800BFB38E /* Icon.icns in Resources */,
				1AD3E6EB118584720059FB49 /* iPhone1,1_3.1.2_7D11_Restore.ipsw.plist in Resources */,
				1AD3E6EC118584720059FB49 /* iPhone1,1_3.1.3_7E18_Restore.ipsw.plist in Resources */,
				1AD3E6ED118584720059FB49 /* iPhone1,1_3.1_7C144_Restore.ipsw.plist in Resources */,
				1ADB8F821185FDBC005141D3 /* iPhone2,1_3.1.2_7D11_Restore.ipsw.plist in Resources */,
				1ADB8F831185FDBC005141D3 /* iPhone2,1_3.1.3_7E18_Restore.ipsw.plist in Resources */,
				1ADB8FAA11862DF2005141D3 /* iPhone1,2_3.1_2_7D11_Restore.ipsw.plist in Resources */,
				1ADB8FAB11862DF2005141D3 /* iPhone1,2_3.1.3_7E18_Restore.ipsw.plist in Resources */,
				1AA9B7C31187A80000DA1E28 /* dripwn in Resources */,
			);
			runOnlyForDeploymentPostprocessing = 0;
		};
/* End PBXResourcesBuildPhase section */

/* Begin PBXSourcesBuildPhase section */
		8D11072C0486CEB800E47090 /* Sources */ = {
			isa = PBXSourcesBuildPhase;
			buildActionMask = 2147483647;
			files = (
				8D11072D0486CEB800E47090 /* main.m in Sources */,
				256AC3DA0F4B6AC300CF3369 /* DripwnAppDelegate.m in Sources */,
				1A296CBB1184B5CC00BFB38E /* IPSW.m in Sources */,
				1A2973BE1184E2D700BFB38E /* NSData+Base64.m in Sources */,
				1AD3E69B11857D290059FB49 /* CocoaCryptoHashing.m in Sources */,
			);
			runOnlyForDeploymentPostprocessing = 0;
		};
/* End PBXSourcesBuildPhase section */

/* Begin PBXVariantGroup section */
		089C165CFE840E0CC02AAC07 /* InfoPlist.strings */ = {
			isa = PBXVariantGroup;
			children = (
				089C165DFE840E0CC02AAC07 /* English */,
			);
			name = InfoPlist.strings;
			sourceTree = "<group>";
		};
		1DDD58140DA1D0A300B32029 /* MainMenu.xib */ = {
			isa = PBXVariantGroup;
			children = (
				1DDD58150DA1D0A300B32029 /* English */,
			);
			name = MainMenu.xib;
			sourceTree = "<group>";
		};
/* End PBXVariantGroup section */

/* Begin XCBuildConfiguration section */
		C01FCF4B08A954540054247B /* Debug */ = {
			isa = XCBuildConfiguration;
			buildSettings = {
				ALWAYS_SEARCH_USER_PATHS = NO;
				COPY_PHASE_STRIP = NO;
				FRAMEWORK_SEARCH_PATHS = (
					"$(inherited)",
					"\"$(SYSTEM_LIBRARY_DIR)/PrivateFrameworks\"",
					"\"$(SRCROOT)\"",
				);
				GCC_DYNAMIC_NO_PIC = NO;
				GCC_ENABLE_FIX_AND_CONTINUE = YES;
				GCC_MODEL_TUNING = G5;
				GCC_OPTIMIZATION_LEVEL = 0;
				GCC_PRECOMPILE_PREFIX_HEADER = YES;
				GCC_PREFIX_HEADER = Dripwn_Prefix.pch;
				INFOPLIST_FILE = "Dripwn-Info.plist";
				INSTALL_PATH = "$(HOME)/Applications";
				LIBRARY_SEARCH_PATHS = (
					"$(inherited)",
					"\"$(SRCROOT)/xpwn/idevice/QuicktimeSDK/Libraries\"",
				);
				PRODUCT_NAME = Dripwn;
			};
			name = Debug;
		};
		C01FCF4C08A954540054247B /* Release */ = {
			isa = XCBuildConfiguration;
			buildSettings = {
				ALWAYS_SEARCH_USER_PATHS = NO;
				DEBUG_INFORMATION_FORMAT = "dwarf-with-dsym";
				FRAMEWORK_SEARCH_PATHS = (
					"$(inherited)",
					"\"$(SYSTEM_LIBRARY_DIR)/PrivateFrameworks\"",
					"\"$(SRCROOT)\"",
				);
				GCC_MODEL_TUNING = G5;
				GCC_PRECOMPILE_PREFIX_HEADER = YES;
				GCC_PREFIX_HEADER = Dripwn_Prefix.pch;
				INFOPLIST_FILE = "Dripwn-Info.plist";
				INSTALL_PATH = "$(HOME)/Applications";
				LIBRARY_SEARCH_PATHS = (
					"$(inherited)",
					"\"$(SRCROOT)/xpwn/idevice/QuicktimeSDK/Libraries\"",
				);
				PRODUCT_NAME = Dripwn;
			};
			name = Release;
		};
		C01FCF4F08A954540054247B /* Debug */ = {
			isa = XCBuildConfiguration;
			buildSettings = {
				ARCHS = "$(ARCHS_STANDARD_32_64_BIT)";
				GCC_C_LANGUAGE_STANDARD = gnu99;
				GCC_OPTIMIZATION_LEVEL = 0;
				GCC_WARN_ABOUT_RETURN_TYPE = YES;
				GCC_WARN_UNUSED_VARIABLE = YES;
				ONLY_ACTIVE_ARCH = YES;
				PREBINDING = NO;
				SDKROOT = macosx10.6;
			};
			name = Debug;
		};
		C01FCF5008A954540054247B /* Release */ = {
			isa = XCBuildConfiguration;
			buildSettings = {
				ARCHS = "$(ARCHS_STANDARD_32_64_BIT)";
				GCC_C_LANGUAGE_STANDARD = gnu99;
				GCC_WARN_ABOUT_RETURN_TYPE = YES;
				GCC_WARN_UNUSED_VARIABLE = YES;
				PREBINDING = NO;
				SDKROOT = macosx10.6;
			};
			name = Release;
		};
/* End XCBuildConfiguration section */

/* Begin XCConfigurationList section */
		C01FCF4A08A954540054247B /* Build configuration list for PBXNativeTarget "Dripwn" */ = {
			isa = XCConfigurationList;
			buildConfigurations = (
				C01FCF4B08A954540054247B /* Debug */,
				C01FCF4C08A954540054247B /* Release */,
			);
			defaultConfigurationIsVisible = 0;
			defaultConfigurationName = Release;
		};
		C01FCF4E08A954540054247B /* Build configuration list for PBXProject "Dripwn" */ = {
			isa = XCConfigurationList;
			buildConfigurations = (
				C01FCF4F08A954540054247B /* Debug */,
				C01FCF5008A954540054247B /* Release */,
			);
			defaultConfigurationIsVisible = 0;
			defaultConfigurationName = Release;
		};
/* End XCConfigurationList section */
	};
	rootObject = 29B97313FDCFA39411CA2CEA /* Project object */;
}
